
Microsoft Visual Studio Solution File, Format Version 12.00
# Visual Studio Version 17
VisualStudioVersion = 17.4.33213.308
MinimumVisualStudioVersion = 10.0.40219.1
Project("{FAE04EC0-301F-11D3-BF4B-00C04F79EFBC}") = "Fracciones", "Fracciones\Fracciones.csproj", "{101C3214-FFB9-414A-8D80-039708082607}"
EndProject
Project("{FAE04EC0-301F-11D3-BF4B-00C04F79EFBC}") = "Numeros primos", "Numeros primos\Numeros primos.csproj", "{CEE977EA-32A1-4F8F-942F-6CE3E36877B7}"
EndProject
Project("{FAE04EC0-301F-11D3-BF4B-00C04F79EFBC}") = "MCD y MCM", "MCD y MCM\MCD y MCM.csproj", "{429A9BDB-B3AD-4D97-9181-8FD8B042F45E}"
EndProject
Project("{FAE04EC0-301F-11D3-BF4B-00C04F79EFBC}") = "CarWash", "CarWash\CarWash.csproj", "{437CD3D5-C6CC-4356-9655-A0A683FDA4BF}"
EndProject
Project("{FAE04EC0-301F-11D3-BF4B-00C04F79EFBC}") = "Suma y resta de cubos", "Suma y resta de cubos\Suma y resta de cubos.csproj", "{2EAC3E8C-ADE5-4FA1-8138-FB8736F23F5D}"
EndProject
Project("{FAE04EC0-301F-11D3-BF4B-00C04F79EFBC}") = "Palindromo", "Palindromo\Palindromo.csproj", "{FB9026FF-C2EC-4E95-8CB4-5EC79E3D99AE}"
EndProject
Project("{FAE04EC0-301F-11D3-BF4B-00C04F79EFBC}") = "PalabraInvertida", "PalabraInvertida\PalabraInvertida.csproj", "{6AC145DD-2348-4487-B497-B6422119E50C}"
EndProject
Project("{FAE04EC0-301F-11D3-BF4B-00C04F79EFBC}") = "AñoBiciesto", "AñoBiciesto\AñoBiciesto.csproj", "{0D8ACD11-8652-4643-95B9-48EB7BBAA462}"
EndProject
Project("{FAE04EC0-301F-11D3-BF4B-00C04F79EFBC}") = "Loteria", "Loteria\Loteria.csproj", "{3FAA0A72-6D9A-4E2B-95DA-1A720EFF51E9}"
EndProject
Global
	GlobalSection(SolutionConfigurationPlatforms) = preSolution
		Debug|Any CPU = Debug|Any CPU
		Release|Any CPU = Release|Any CPU
	EndGlobalSection
	GlobalSection(ProjectConfigurationPlatforms) = postSolution
		{101C3214-FFB9-414A-8D80-039708082607}.Debug|Any CPU.ActiveCfg = Debug|Any CPU
		{101C3214-FFB9-414A-8D80-039708082607}.Debug|Any CPU.Build.0 = Debug|Any CPU
		{101C3214-FFB9-414A-8D80-039708082607}.Release|Any CPU.ActiveCfg = Release|Any CPU
		{101C3214-FFB9-414A-8D80-039708082607}.Release|Any CPU.Build.0 = Release|Any CPU
		{CEE977EA-32A1-4F8F-942F-6CE3E36877B7}.Debug|Any CPU.ActiveCfg = Debug|Any CPU
		{CEE977EA-32A1-4F8F-942F-6CE3E36877B7}.Debug|Any CPU.Build.0 = Debug|Any CPU
		{CEE977EA-32A1-4F8F-942F-6CE3E36877B7}.Release|Any CPU.ActiveCfg = Release|Any CPU
		{CEE977EA-32A1-4F8F-942F-6CE3E36877B7}.Release|Any CPU.Build.0 = Release|Any CPU
		{429A9BDB-B3AD-4D97-9181-8FD8B042F45E}.Debug|Any CPU.ActiveCfg = Debug|Any CPU
		{429A9BDB-B3AD-4D97-9181-8FD8B042F45E}.Debug|Any CPU.Build.0 = Debug|Any CPU
		{429A9BDB-B3AD-4D97-9181-8FD8B042F45E}.Release|Any CPU.ActiveCfg = Release|Any CPU
		{429A9BDB-B3AD-4D97-9181-8FD8B042F45E}.Release|Any CPU.Build.0 = Release|Any CPU
		{437CD3D5-C6CC-4356-9655-A0A683FDA4BF}.Debug|Any CPU.ActiveCfg = Debug|Any CPU
		{437CD3D5-C6CC-4356-9655-A0A683FDA4BF}.Debug|Any CPU.Build.0 = Debug|Any CPU
		{437CD3D5-C6CC-4356-9655-A0A683FDA4BF}.Release|Any CPU.ActiveCfg = Release|Any CPU
		{437CD3D5-C6CC-4356-9655-A0A683FDA4BF}.Release|Any CPU.Build.0 = Release|Any CPU
		{2EAC3E8C-ADE5-4FA1-8138-FB8736F23F5D}.Debug|Any CPU.ActiveCfg = Debug|Any CPU
		{2EAC3E8C-ADE5-4FA1-8138-FB8736F23F5D}.Debug|Any CPU.Build.0 = Debug|Any CPU
		{2EAC3E8C-ADE5-4FA1-8138-FB8736F23F5D}.Release|Any CPU.ActiveCfg = Release|Any CPU
		{2EAC3E8C-ADE5-4FA1-8138-FB8736F23F5D}.Release|Any CPU.Build.0 = Release|Any CPU
		{FB9026FF-C2EC-4E95-8CB4-5EC79E3D99AE}.Debug|Any CPU.ActiveCfg = Debug|Any CPU
		{FB9026FF-C2EC-4E95-8CB4-5EC79E3D99AE}.Debug|Any CPU.Build.0 = Debug|Any CPU
		{FB9026FF-C2EC-4E95-8CB4-5EC79E3D99AE}.Release|Any CPU.ActiveCfg = Release|Any CPU
		{FB9026FF-C2EC-4E95-8CB4-5EC79E3D99AE}.Release|Any CPU.Build.0 = Release|Any CPU
		{6AC145DD-2348-4487-B497-B6422119E50C}.Debug|Any CPU.ActiveCfg = Debug|Any CPU
		{6AC145DD-2348-4487-B497-B6422119E50C}.Debug|Any CPU.Build.0 = Debug|Any CPU
		{6AC145DD-2348-4487-B497-B6422119E50C}.Release|Any CPU.ActiveCfg = Release|Any CPU
		{6AC145DD-2348-4487-B497-B6422119E50C}.Release|Any CPU.Build.0 = Release|Any CPU
		{0D8ACD11-8652-4643-95B9-48EB7BBAA462}.Debug|Any CPU.ActiveCfg = Debug|Any CPU
		{0D8ACD11-8652-4643-95B9-48EB7BBAA462}.Debug|Any CPU.Build.0 = Debug|Any CPU
		{0D8ACD11-8652-4643-95B9-48EB7BBAA462}.Release|Any CPU.ActiveCfg = Release|Any CPU
		{0D8ACD11-8652-4643-95B9-48EB7BBAA462}.Release|Any CPU.Build.0 = Release|Any CPU
		{3FAA0A72-6D9A-4E2B-95DA-1A720EFF51E9}.Debug|Any CPU.ActiveCfg = Debug|Any CPU
		{3FAA0A72-6D9A-4E2B-95DA-1A720EFF51E9}.Debug|Any CPU.Build.0 = Debug|Any CPU
		{3FAA0A72-6D9A-4E2B-95DA-1A720EFF51E9}.Release|Any CPU.ActiveCfg = Release|Any CPU
		{3FAA0A72-6D9A-4E2B-95DA-1A720EFF51E9}.Release|Any CPU.Build.0 = Release|Any CPU
	EndGlobalSection
	GlobalSection(SolutionProperties) = preSolution
		HideSolutionNode = FALSE
	EndGlobalSection
	GlobalSection(ExtensibilityGlobals) = postSolution
		SolutionGuid = {94B375E6-F0CC-42D1-AE4D-2279FDFE525E}
	EndGlobalSection
EndGlobal
